# DO NOT EDIT MANUALLY - Managed by Fern Replay
version: "1.0"
generations:
  - commit_sha: f5256eee1cf818f51698291509c1690d2e91ab92
    tree_hash: 0b2d0d8a087fc76ada8fb556575f0037a7980198
    timestamp: 2026-09-10T18:13:20.643Z
    cli_version: unknown
    generator_versions: {}
current_generation: f5256eee1cf818f51698291509c1690d2e91ab92
patches: []
